
Microsoft Visual Studio Solution File, Format Version 12.00
# Visual Studio Version 17
VisualStudioVersion = 17.14.36408.4 d17.14
MinimumVisualStudioVersion = 10.0.40219.1
Project("{FAE04EC0-301F-11D3-BF4B-00C04F79EFBC}") = "Earley", "Earley.csproj", "{1E979F5D-C9D2-7344-E281-11B4C596F156}"
EndProject
Global
	GlobalSection(SolutionConfigurationPlatforms) = preSolution
		Debug|Any CPU = Debug|Any CPU
		Release|Any CPU = Release|Any CPU
	EndGlobalSection
	GlobalSection(ProjectConfigurationPlatforms) = postSolution
		{1E979F5D-C9D2-7344-E281-11B4C596F156}.Debug|Any CPU.ActiveCfg = Debug|Any CPU
		{1E979F5D-C9D2-7344-E281-11B4C596F156}.Debug|Any CPU.Build.0 = Debug|Any CPU
		{1E979F5D-C9D2-7344-E281-11B4C596F156}.Release|Any CPU.ActiveCfg = Release|Any CPU
		{1E979F5D-C9D2-7344-E281-11B4C596F156}.Release|Any CPU.Build.0 = Release|Any CPU
	EndGlobalSection
	GlobalSection(SolutionProperties) = preSolution
		HideSolutionNode = FALSE
	EndGlobalSection
	GlobalSection(ExtensibilityGlobals) = postSolution
		SolutionGuid = {3DC09458-69C7-48F7-86AC-4AF866AFBFD9}
	EndGlobalSection
EndGlobal
